
Microsoft Visual Studio Solution File, Format Version 12.00
# Visual Studio Version 16
VisualStudioVersion = 16.0.31702.278
MinimumVisualStudioVersion = 10.0.40219.1
Project("{FAE04EC0-301F-11D3-BF4B-00C04F79EFBC}") = "lab8", "lab8\lab8.csproj", "{04AC3926-771F-45B9-848D-BEE73CDD5E1D}"
EndProject
Global
	GlobalSection(SolutionConfigurationPlatforms) = preSolution
		Debug|Any CPU = Debug|Any CPU
		Release|Any CPU = Release|Any CPU
	EndGlobalSection
	GlobalSection(ProjectConfigurationPlatforms) = postSolution
		{04AC3926-771F-45B9-848D-BEE73CDD5E1D}.Debug|Any CPU.ActiveCfg = Debug|Any CPU
		{04AC3926-771F-45B9-848D-BEE73CDD5E1D}.Debug|Any CPU.Build.0 = Debug|Any CPU
		{04AC3926-771F-45B9-848D-BEE73CDD5E1D}.Release|Any CPU.ActiveCfg = Release|Any CPU
		{04AC3926-771F-45B9-848D-BEE73CDD5E1D}.Release|Any CPU.Build.0 = Release|Any CPU
	EndGlobalSection
	GlobalSection(SolutionProperties) = preSolution
		HideSolutionNode = FALSE
	EndGlobalSection
	GlobalSection(ExtensibilityGlobals) = postSolution
		SolutionGuid = {3150CDE4-FBEA-4667-9376-896E711BB941}
	EndGlobalSection
EndGlobal
