
Microsoft Visual Studio Solution File, Format Version 12.00
# Visual Studio Version 17
VisualStudioVersion = 17.0.31919.166
MinimumVisualStudioVersion = 10.0.40219.1
Project("{FAE04EC0-301F-11D3-BF4B-00C04F79EFBC}") = "kontrolnaya", "kontrolnaya\kontrolnaya.csproj", "{FC68DFC4-BDA0-45A3-857E-C4056008D858}"
EndProject
Global
	GlobalSection(SolutionConfigurationPlatforms) = preSolution
		Debug|Any CPU = Debug|Any CPU
		Release|Any CPU = Release|Any CPU
	EndGlobalSection
	GlobalSection(ProjectConfigurationPlatforms) = postSolution
		{FC68DFC4-BDA0-45A3-857E-C4056008D858}.Debug|Any CPU.ActiveCfg = Debug|Any CPU
		{FC68DFC4-BDA0-45A3-857E-C4056008D858}.Debug|Any CPU.Build.0 = Debug|Any CPU
		{FC68DFC4-BDA0-45A3-857E-C4056008D858}.Release|Any CPU.ActiveCfg = Release|Any CPU
		{FC68DFC4-BDA0-45A3-857E-C4056008D858}.Release|Any CPU.Build.0 = Release|Any CPU
	EndGlobalSection
	GlobalSection(SolutionProperties) = preSolution
		HideSolutionNode = FALSE
	EndGlobalSection
	GlobalSection(ExtensibilityGlobals) = postSolution
		SolutionGuid = {995AACF8-A230-47E7-BCDA-D39B7BC15E79}
	EndGlobalSection
EndGlobal
