
Microsoft Visual Studio Solution File, Format Version 12.00
# Visual Studio Version 16
VisualStudioVersion = 16.0.31205.134
MinimumVisualStudioVersion = 10.0.40219.1
Project("{FAE04EC0-301F-11D3-BF4B-00C04F79EFBC}") = "lab2", "lab2.csproj", "{EE4C090E-630C-46B0-BD55-69CD7C4DBC22}"
EndProject
Global
	GlobalSection(SolutionConfigurationPlatforms) = preSolution
		Debug|Any CPU = Debug|Any CPU
		Release|Any CPU = Release|Any CPU
	EndGlobalSection
	GlobalSection(ProjectConfigurationPlatforms) = postSolution
		{EE4C090E-630C-46B0-BD55-69CD7C4DBC22}.Debug|Any CPU.ActiveCfg = Debug|Any CPU
		{EE4C090E-630C-46B0-BD55-69CD7C4DBC22}.Debug|Any CPU.Build.0 = Debug|Any CPU
		{EE4C090E-630C-46B0-BD55-69CD7C4DBC22}.Release|Any CPU.ActiveCfg = Release|Any CPU
		{EE4C090E-630C-46B0-BD55-69CD7C4DBC22}.Release|Any CPU.Build.0 = Release|Any CPU
	EndGlobalSection
	GlobalSection(SolutionProperties) = preSolution
		HideSolutionNode = FALSE
	EndGlobalSection
	GlobalSection(ExtensibilityGlobals) = postSolution
		SolutionGuid = {7C06E0D2-DE1C-4E26-8DF6-E11F2F1EB22B}
	EndGlobalSection
EndGlobal
